
Microsoft Visual Studio Solution File, Format Version 12.00
# Visual Studio Version 17
VisualStudioVersion = 17.10.35004.147
MinimumVisualStudioVersion = 10.0.40219.1
Project("{FAE04EC0-301F-11D3-BF4B-00C04F79EFBC}") = "CSharpServers", "CSharpServers\CSharpServers.csproj", "{830F6DE5-5893-456F-BC01-0D5A9BCBF82F}"
	ProjectSection(ProjectDependencies) = postProject
		{C6D7785F-D8B8-4196-8026-8841850639A8} = {C6D7785F-D8B8-4196-8026-8841850639A8}
	EndProjectSection
EndProject
Project("{FAE04EC0-301F-11D3-BF4B-00C04F79EFBC}") = "Protocol", "Protocol\Protocol.csproj", "{41484EFD-885A-49D6-80C5-F01404274186}"
EndProject
Project("{FAE04EC0-301F-11D3-BF4B-00C04F79EFBC}") = "ServerModule", "ServerModule\ServerModule.csproj", "{2AEC0741-CF71-4A5E-AE87-3331FC8EDD01}"
	ProjectSection(ProjectDependencies) = postProject
		{41484EFD-885A-49D6-80C5-F01404274186} = {41484EFD-885A-49D6-80C5-F01404274186}
		{5C668891-C0A1-4283-AB0B-82C6D2C82209} = {5C668891-C0A1-4283-AB0B-82C6D2C82209}
		{F35517F2-EFF8-42C7-9118-43285020355E} = {F35517F2-EFF8-42C7-9118-43285020355E}
	EndProjectSection
EndProject
Project("{FAE04EC0-301F-11D3-BF4B-00C04F79EFBC}") = "AgentServerModule", "AgentServerModule\AgentServerModule.csproj", "{C6D7785F-D8B8-4196-8026-8841850639A8}"
	ProjectSection(ProjectDependencies) = postProject
		{2AEC0741-CF71-4A5E-AE87-3331FC8EDD01} = {2AEC0741-CF71-4A5E-AE87-3331FC8EDD01}
		{41484EFD-885A-49D6-80C5-F01404274186} = {41484EFD-885A-49D6-80C5-F01404274186}
		{F35517F2-EFF8-42C7-9118-43285020355E} = {F35517F2-EFF8-42C7-9118-43285020355E}
	EndProjectSection
EndProject
Project("{FAE04EC0-301F-11D3-BF4B-00C04F79EFBC}") = "DBAgentProtocol", "DBAgentProtocol\DBAgentProtocol.csproj", "{D468F6DD-4A81-46A5-8338-0C21CAE05030}"
EndProject
Project("{2150E333-8FDC-42A3-9474-1A3956D46DE8}") = "Module", "Module", "{0DABE0C5-4768-4975-B6A7-E1621E92EA5F}"
EndProject
Project("{FAE04EC0-301F-11D3-BF4B-00C04F79EFBC}") = "DBAgentServer", "DBAgentServer\DBAgentServer.csproj", "{AD291F76-F805-4009-BE60-F198B7560A7E}"
EndProject
Project("{FAE04EC0-301F-11D3-BF4B-00C04F79EFBC}") = "DBAgentServerModule", "DBAgentServerModule\DBAgentServerModule.csproj", "{537CEFE4-7A94-4FD0-A900-1E8F0DD92D41}"
EndProject
Project("{2150E333-8FDC-42A3-9474-1A3956D46DE8}") = "Servers", "Servers", "{87ED841F-20C5-4057-A50E-D5F5084A1323}"
EndProject
Project("{2150E333-8FDC-42A3-9474-1A3956D46DE8}") = "Common", "Common", "{675AB2FE-2D3B-4032-8BD0-26D7AFAA3693}"
EndProject
Project("{2150E333-8FDC-42A3-9474-1A3956D46DE8}") = "Server", "Server", "{1F99C6A5-923E-4DB8-8FE1-D6A389CBEDFC}"
EndProject
Project("{FAE04EC0-301F-11D3-BF4B-00C04F79EFBC}") = "ClientModule", "ClientModule\ClientModule.csproj", "{5C668891-C0A1-4283-AB0B-82C6D2C82209}"
	ProjectSection(ProjectDependencies) = postProject
		{F35517F2-EFF8-42C7-9118-43285020355E} = {F35517F2-EFF8-42C7-9118-43285020355E}
	EndProjectSection
EndProject
Project("{2150E333-8FDC-42A3-9474-1A3956D46DE8}") = "Common", "Common", "{6DAF7B17-3701-4B98-BDCA-871071DA813E}"
EndProject
Project("{FAE04EC0-301F-11D3-BF4B-00C04F79EFBC}") = "Common", "Common\Common.csproj", "{F35517F2-EFF8-42C7-9118-43285020355E}"
EndProject
Project("{2150E333-8FDC-42A3-9474-1A3956D46DE8}") = "Util", "Util", "{698F5DA5-D06C-472C-9F25-6637F345C304}"
EndProject
Project("{FAE04EC0-301F-11D3-BF4B-00C04F79EFBC}") = "ServiceRestarter", "ServiceRestarter\ServiceRestarter.csproj", "{94C2DF73-483F-400C-A387-B561E1E8A38C}"
EndProject
Project("{2150E333-8FDC-42A3-9474-1A3956D46DE8}") = "Config", "Config", "{4CF8DE15-16B1-487C-9D4B-9B85233C21F2}"
	ProjectSection(SolutionItems) = preProject
		Config.json = Config.json
	EndProjectSection
EndProject
Global
	GlobalSection(SolutionConfigurationPlatforms) = preSolution
		Debug|Any CPU = Debug|Any CPU
		Release|Any CPU = Release|Any CPU
	EndGlobalSection
	GlobalSection(ProjectConfigurationPlatforms) = postSolution
		{830F6DE5-5893-456F-BC01-0D5A9BCBF82F}.Debug|Any CPU.ActiveCfg = Debug|Any CPU
		{830F6DE5-5893-456F-BC01-0D5A9BCBF82F}.Debug|Any CPU.Build.0 = Debug|Any CPU
		{830F6DE5-5893-456F-BC01-0D5A9BCBF82F}.Release|Any CPU.ActiveCfg = Release|Any CPU
		{830F6DE5-5893-456F-BC01-0D5A9BCBF82F}.Release|Any CPU.Build.0 = Release|Any CPU
		{41484EFD-885A-49D6-80C5-F01404274186}.Debug|Any CPU.ActiveCfg = Debug|Any CPU
		{41484EFD-885A-49D6-80C5-F01404274186}.Debug|Any CPU.Build.0 = Debug|Any CPU
		{41484EFD-885A-49D6-80C5-F01404274186}.Release|Any CPU.ActiveCfg = Release|Any CPU
		{41484EFD-885A-49D6-80C5-F01404274186}.Release|Any CPU.Build.0 = Release|Any CPU
		{2AEC0741-CF71-4A5E-AE87-3331FC8EDD01}.Debug|Any CPU.ActiveCfg = Debug|Any CPU
		{2AEC0741-CF71-4A5E-AE87-3331FC8EDD01}.Debug|Any CPU.Build.0 = Debug|Any CPU
		{2AEC0741-CF71-4A5E-AE87-3331FC8EDD01}.Release|Any CPU.ActiveCfg = Release|Any CPU
		{2AEC0741-CF71-4A5E-AE87-3331FC8EDD01}.Release|Any CPU.Build.0 = Release|Any CPU
		{C6D7785F-D8B8-4196-8026-8841850639A8}.Debug|Any CPU.ActiveCfg = Debug|Any CPU
		{C6D7785F-D8B8-4196-8026-8841850639A8}.Debug|Any CPU.Build.0 = Debug|Any CPU
		{C6D7785F-D8B8-4196-8026-8841850639A8}.Release|Any CPU.ActiveCfg = Release|Any CPU
		{C6D7785F-D8B8-4196-8026-8841850639A8}.Release|Any CPU.Build.0 = Release|Any CPU
		{D468F6DD-4A81-46A5-8338-0C21CAE05030}.Debug|Any CPU.ActiveCfg = Debug|Any CPU
		{D468F6DD-4A81-46A5-8338-0C21CAE05030}.Debug|Any CPU.Build.0 = Debug|Any CPU
		{D468F6DD-4A81-46A5-8338-0C21CAE05030}.Release|Any CPU.ActiveCfg = Release|Any CPU
		{D468F6DD-4A81-46A5-8338-0C21CAE05030}.Release|Any CPU.Build.0 = Release|Any CPU
		{AD291F76-F805-4009-BE60-F198B7560A7E}.Debug|Any CPU.ActiveCfg = Debug|Any CPU
		{AD291F76-F805-4009-BE60-F198B7560A7E}.Debug|Any CPU.Build.0 = Debug|Any CPU
		{AD291F76-F805-4009-BE60-F198B7560A7E}.Release|Any CPU.ActiveCfg = Release|Any CPU
		{AD291F76-F805-4009-BE60-F198B7560A7E}.Release|Any CPU.Build.0 = Release|Any CPU
		{537CEFE4-7A94-4FD0-A900-1E8F0DD92D41}.Debug|Any CPU.ActiveCfg = Debug|Any CPU
		{537CEFE4-7A94-4FD0-A900-1E8F0DD92D41}.Debug|Any CPU.Build.0 = Debug|Any CPU
		{537CEFE4-7A94-4FD0-A900-1E8F0DD92D41}.Release|Any CPU.ActiveCfg = Release|Any CPU
		{537CEFE4-7A94-4FD0-A900-1E8F0DD92D41}.Release|Any CPU.Build.0 = Release|Any CPU
		{5C668891-C0A1-4283-AB0B-82C6D2C82209}.Debug|Any CPU.ActiveCfg = Debug|Any CPU
		{5C668891-C0A1-4283-AB0B-82C6D2C82209}.Debug|Any CPU.Build.0 = Debug|Any CPU
		{5C668891-C0A1-4283-AB0B-82C6D2C82209}.Release|Any CPU.ActiveCfg = Release|Any CPU
		{5C668891-C0A1-4283-AB0B-82C6D2C82209}.Release|Any CPU.Build.0 = Release|Any CPU
		{F35517F2-EFF8-42C7-9118-43285020355E}.Debug|Any CPU.ActiveCfg = Debug|Any CPU
		{F35517F2-EFF8-42C7-9118-43285020355E}.Debug|Any CPU.Build.0 = Debug|Any CPU
		{F35517F2-EFF8-42C7-9118-43285020355E}.Release|Any CPU.ActiveCfg = Release|Any CPU
		{F35517F2-EFF8-42C7-9118-43285020355E}.Release|Any CPU.Build.0 = Release|Any CPU
		{94C2DF73-483F-400C-A387-B561E1E8A38C}.Debug|Any CPU.ActiveCfg = Debug|Any CPU
		{94C2DF73-483F-400C-A387-B561E1E8A38C}.Debug|Any CPU.Build.0 = Debug|Any CPU
		{94C2DF73-483F-400C-A387-B561E1E8A38C}.Release|Any CPU.ActiveCfg = Release|Any CPU
		{94C2DF73-483F-400C-A387-B561E1E8A38C}.Release|Any CPU.Build.0 = Release|Any CPU
	EndGlobalSection
	GlobalSection(SolutionProperties) = preSolution
		HideSolutionNode = FALSE
	EndGlobalSection
	GlobalSection(NestedProjects) = preSolution
		{830F6DE5-5893-456F-BC01-0D5A9BCBF82F} = {87ED841F-20C5-4057-A50E-D5F5084A1323}
		{41484EFD-885A-49D6-80C5-F01404274186} = {675AB2FE-2D3B-4032-8BD0-26D7AFAA3693}
		{2AEC0741-CF71-4A5E-AE87-3331FC8EDD01} = {0DABE0C5-4768-4975-B6A7-E1621E92EA5F}
		{C6D7785F-D8B8-4196-8026-8841850639A8} = {0DABE0C5-4768-4975-B6A7-E1621E92EA5F}
		{D468F6DD-4A81-46A5-8338-0C21CAE05030} = {6DAF7B17-3701-4B98-BDCA-871071DA813E}
		{0DABE0C5-4768-4975-B6A7-E1621E92EA5F} = {1F99C6A5-923E-4DB8-8FE1-D6A389CBEDFC}
		{AD291F76-F805-4009-BE60-F198B7560A7E} = {87ED841F-20C5-4057-A50E-D5F5084A1323}
		{537CEFE4-7A94-4FD0-A900-1E8F0DD92D41} = {0DABE0C5-4768-4975-B6A7-E1621E92EA5F}
		{87ED841F-20C5-4057-A50E-D5F5084A1323} = {1F99C6A5-923E-4DB8-8FE1-D6A389CBEDFC}
		{5C668891-C0A1-4283-AB0B-82C6D2C82209} = {675AB2FE-2D3B-4032-8BD0-26D7AFAA3693}
		{6DAF7B17-3701-4B98-BDCA-871071DA813E} = {1F99C6A5-923E-4DB8-8FE1-D6A389CBEDFC}
		{F35517F2-EFF8-42C7-9118-43285020355E} = {675AB2FE-2D3B-4032-8BD0-26D7AFAA3693}
		{94C2DF73-483F-400C-A387-B561E1E8A38C} = {698F5DA5-D06C-472C-9F25-6637F345C304}
	EndGlobalSection
	GlobalSection(ExtensibilityGlobals) = postSolution
		SolutionGuid = {2DB2827E-0A3E-4C1A-AE17-5098B9A07B72}
	EndGlobalSection
EndGlobal
